
Microsoft Visual Studio Solution File, Format Version 12.00
# Visual Studio 15
VisualStudioVersion = 15.0.28307.1169
MinimumVisualStudioVersion = 10.0.40219.1
Project("{F184B08F-C81C-45F6-A57F-5ABD9991F28F}") = "Simple Word", "Simple Word\Simple Word.vbproj", "{D1C78E89-55A8-496E-A47B-22860E49D19B}"
EndProject
Global
	GlobalSection(SolutionConfigurationPlatforms) = preSolution
		Debug|Any CPU = Debug|Any CPU
		Release|Any CPU = Release|Any CPU
	EndGlobalSection
	GlobalSection(ProjectConfigurationPlatforms) = postSolution
		{D1C78E89-55A8-496E-A47B-22860E49D19B}.Debug|Any CPU.ActiveCfg = Debug|Any CPU
		{D1C78E89-55A8-496E-A47B-22860E49D19B}.Debug|Any CPU.Build.0 = Debug|Any CPU
		{D1C78E89-55A8-496E-A47B-22860E49D19B}.Release|Any CPU.ActiveCfg = Release|Any CPU
		{D1C78E89-55A8-496E-A47B-22860E49D19B}.Release|Any CPU.Build.0 = Release|Any CPU
	EndGlobalSection
	GlobalSection(SolutionProperties) = preSolution
		HideSolutionNode = FALSE
	EndGlobalSection
	GlobalSection(ExtensibilityGlobals) = postSolution
		SolutionGuid = {39E9567B-2E5A-4AD2-9563-93D1A55002AC}
	EndGlobalSection
EndGlobal
